// !$*UTF8*$!
{
	archiveVersion = 1;
	classes = {
	};
	objectVersion = 77;
	objects = {

/* Begin PBXBuildFile section */
		8C3E0C222DA7534200907A11 /* CharacterListView.swift in Sources */ = {isa = PBXBuildFile; fileRef = 8C3E0C1C2DA7534200907A11 /* CharacterListView.swift */; };
		8C3E0C232DA7534200907A11 /* CharacterListViewModel.swift in Sources */ = {isa = PBXBuildFile; fileRef = 8C3E0C1D2DA7534200907A11 /* CharacterListViewModel.swift */; };
		8C3E0C242DA7534200907A11 /* CharacterListViewState.swift in Sources */ = {isa = PBXBuildFile; fileRef = 8C3E0C1E2DA7534200907A11 /* CharacterListViewState.swift */; };
		8C3E0C252DA7534200907A11 /* RickyAndMortyAppApp.swift in Sources */ = {isa = PBXBuildFile; fileRef = 8C3E0C1F2DA7534200907A11 /* RickyAndMortyAppApp.swift */; };
		8C3E0C262DA7534200907A11 /* RickyAndMortyResponse.swift in Sources */ = {isa = PBXBuildFile; fileRef = 8C3E0C202DA7534200907A11 /* RickyAndMortyResponse.swift */; };
		8C3E0C272DA7534200907A11 /* Assets.xcassets in Resources */ = {isa = PBXBuildFile; fileRef = 8C3E0C1B2DA7534200907A11 /* Assets.xcassets */; };
		8C3E0C452DA7580400907A11 /* NetworkLayer.swift in Sources */ = {isa = PBXBuildFile; fileRef = 8C3E0C442DA7580400907A11 /* NetworkLayer.swift */; };
		8C3E0C472DA7582000907A11 /* NetworkLayerLive.swift in Sources */ = {isa = PBXBuildFile; fileRef = 8C3E0C462DA7582000907A11 /* NetworkLayerLive.swift */; };
		8C3E0C4A2DA7591000907A11 /* Localizable.xcstrings in Resources */ = {isa = PBXBuildFile; fileRef = 8C3E0C492DA7591000907A11 /* Localizable.xcstrings */; };
		8C3E0C4E2DA75D9600907A11 /* APIEndpoint.swift in Sources */ = {isa = PBXBuildFile; fileRef = 8C3E0C4D2DA75D8E00907A11 /* APIEndpoint.swift */; };
		8C3E0C672DA764A500907A11 /* CharacterListRow.swift in Sources */ = {isa = PBXBuildFile; fileRef = 8C3E0C662DA764A500907A11 /* CharacterListRow.swift */; };
		8C3E0C6C2DA7688E00907A11 /* CachedImageView.swift in Sources */ = {isa = PBXBuildFile; fileRef = 8C3E0C692DA7688E00907A11 /* CachedImageView.swift */; };
		8C3E0C6D2DA7688E00907A11 /* ImageCache.swift in Sources */ = {isa = PBXBuildFile; fileRef = 8C3E0C6A2DA7688E00907A11 /* ImageCache.swift */; };
		8C3E0C6E2DA7688E00907A11 /* ImageLoadingState.swift in Sources */ = {isa = PBXBuildFile; fileRef = 8C3E0C6B2DA7688E00907A11 /* ImageLoadingState.swift */; };
		8C3E0C702DA7756400907A11 /* CharacterDetailView.swift in Sources */ = {isa = PBXBuildFile; fileRef = 8C3E0C6F2DA7756400907A11 /* CharacterDetailView.swift */; };
/* End PBXBuildFile section */

/* Begin PBXFileReference section */
		8C3E0C1B2DA7534200907A11 /* Assets.xcassets */ = {isa = PBXFileReference; lastKnownFileType = folder.assetcatalog; path = Assets.xcassets; sourceTree = "<group>"; };
		8C3E0C1C2DA7534200907A11 /* CharacterListView.swift */ = {isa = PBXFileReference; lastKnownFileType = sourcecode.swift; path = CharacterListView.swift; sourceTree = "<group>"; };
		8C3E0C1D2DA7534200907A11 /* CharacterListViewModel.swift */ = {isa = PBXFileReference; lastKnownFileType = sourcecode.swift; path = CharacterListViewModel.swift; sourceTree = "<group>"; };
		8C3E0C1E2DA7534200907A11 /* CharacterListViewState.swift */ = {isa = PBXFileReference; lastKnownFileType = sourcecode.swift; path = CharacterListViewState.swift; sourceTree = "<group>"; };
		8C3E0C1F2DA7534200907A11 /* RickyAndMortyAppApp.swift */ = {isa = PBXFileReference; lastKnownFileType = sourcecode.swift; path = RickyAndMortyAppApp.swift; sourceTree = "<group>"; };
		8C3E0C202DA7534200907A11 /* RickyAndMortyResponse.swift */ = {isa = PBXFileReference; lastKnownFileType = sourcecode.swift; path = RickyAndMortyResponse.swift; sourceTree = "<group>"; };
		8C3E0C442DA7580400907A11 /* NetworkLayer.swift */ = {isa = PBXFileReference; lastKnownFileType = sourcecode.swift; path = NetworkLayer.swift; sourceTree = "<group>"; };
		8C3E0C462DA7582000907A11 /* NetworkLayerLive.swift */ = {isa = PBXFileReference; lastKnownFileType = sourcecode.swift; path = NetworkLayerLive.swift; sourceTree = "<group>"; };
		8C3E0C492DA7591000907A11 /* Localizable.xcstrings */ = {isa = PBXFileReference; lastKnownFileType = text.json.xcstrings; path = Localizable.xcstrings; sourceTree = "<group>"; };
		8C3E0C4D2DA75D8E00907A11 /* APIEndpoint.swift */ = {isa = PBXFileReference; lastKnownFileType = sourcecode.swift; path = APIEndpoint.swift; sourceTree = "<group>"; };
		8C3E0C662DA764A500907A11 /* CharacterListRow.swift */ = {isa = PBXFileReference; lastKnownFileType = sourcecode.swift; path = CharacterListRow.swift; sourceTree = "<group>"; };
		8C3E0C692DA7688E00907A11 /* CachedImageView.swift */ = {isa = PBXFileReference; lastKnownFileType = sourcecode.swift; path = CachedImageView.swift; sourceTree = "<group>"; };
		8C3E0C6A2DA7688E00907A11 /* ImageCache.swift */ = {isa = PBXFileReference; lastKnownFileType = sourcecode.swift; path = ImageCache.swift; sourceTree = "<group>"; };
		8C3E0C6B2DA7688E00907A11 /* ImageLoadingState.swift */ = {isa = PBXFileReference; lastKnownFileType = sourcecode.swift; path = ImageLoadingState.swift; sourceTree = "<group>"; };
		8C3E0C6F2DA7756400907A11 /* CharacterDetailView.swift */ = {isa = PBXFileReference; lastKnownFileType = sourcecode.swift; path = CharacterDetailView.swift; sourceTree = "<group>"; };
		8CF7EFC32DA72AE100F8A33A /* RickyAndMortyApp.app */ = {isa = PBXFileReference; explicitFileType = wrapper.application; includeInIndex = 0; path = RickyAndMortyApp.app; sourceTree = BUILT_PRODUCTS_DIR; };
/* End PBXFileReference section */

/* Begin PBXFrameworksBuildPhase section */
		8CF7EFC02DA72AE100F8A33A /* Frameworks */ = {
			isa = PBXFrameworksBuildPhase;
			buildActionMask = 2147483647;
			files = (
			);
			runOnlyForDeploymentPostprocessing = 0;
		};
/* End PBXFrameworksBuildPhase section */

/* Begin PBXGroup section */
		8C3E0C212DA7534200907A11 /* RickyAndMortyApp */ = {
			isa = PBXGroup;
			children = (
				8C3E0C282DA7534B00907A11 /* CharacterList */,
				8C3E0C682DA7686200907A11 /* CachedImageView */,
				8C3E0C292DA7538400907A11 /* API */,
				8C3E0C432DA7575700907A11 /* Network Layer */,
				8C3E0C482DA758D000907A11 /* Localization */,
				8C3E0C1F2DA7534200907A11 /* RickyAndMortyAppApp.swift */,
			);
			path = RickyAndMortyApp;
			sourceTree = "<group>";
		};
		8C3E0C282DA7534B00907A11 /* CharacterList */ = {
			isa = PBXGroup;
			children = (
				8C3E0C1C2DA7534200907A11 /* CharacterListView.swift */,
				8C3E0C1D2DA7534200907A11 /* CharacterListViewModel.swift */,
				8C3E0C1E2DA7534200907A11 /* CharacterListViewState.swift */,
				8C3E0C662DA764A500907A11 /* CharacterListRow.swift */,
				8C3E0C6F2DA7756400907A11 /* CharacterDetailView.swift */,
			);
			path = CharacterList;
			sourceTree = "<group>";
		};
		8C3E0C292DA7538400907A11 /* API */ = {
			isa = PBXGroup;
			children = (
				8C3E0C4D2DA75D8E00907A11 /* APIEndpoint.swift */,
				8C3E0C202DA7534200907A11 /* RickyAndMortyResponse.swift */,
			);
			path = API;
			sourceTree = "<group>";
		};
		8C3E0C432DA7575700907A11 /* Network Layer */ = {
			isa = PBXGroup;
			children = (
				8C3E0C442DA7580400907A11 /* NetworkLayer.swift */,
				8C3E0C462DA7582000907A11 /* NetworkLayerLive.swift */,
			);
			path = "Network Layer";
			sourceTree = "<group>";
		};
		8C3E0C482DA758D000907A11 /* Localization */ = {
			isa = PBXGroup;
			children = (
				8C3E0C1B2DA7534200907A11 /* Assets.xcassets */,
				8C3E0C492DA7591000907A11 /* Localizable.xcstrings */,
			);
			path = Localization;
			sourceTree = "<group>";
		};
		8C3E0C682DA7686200907A11 /* CachedImageView */ = {
			isa = PBXGroup;
			children = (
				8C3E0C692DA7688E00907A11 /* CachedImageView.swift */,
				8C3E0C6A2DA7688E00907A11 /* ImageCache.swift */,
				8C3E0C6B2DA7688E00907A11 /* ImageLoadingState.swift */,
			);
			path = CachedImageView;
			sourceTree = "<group>";
		};
		8CF7EFBA2DA72AE100F8A33A = {
			isa = PBXGroup;
			children = (
				8C3E0C212DA7534200907A11 /* RickyAndMortyApp */,
				8CF7EFC42DA72AE100F8A33A /* Products */,
			);
			sourceTree = "<group>";
		};
		8CF7EFC42DA72AE100F8A33A /* Products */ = {
			isa = PBXGroup;
			children = (
				8CF7EFC32DA72AE100F8A33A /* RickyAndMortyApp.app */,
			);
			name = Products;
			sourceTree = "<group>";
		};
/* End PBXGroup section */

/* Begin PBXNativeTarget section */
		8CF7EFC22DA72AE100F8A33A /* RickyAndMortyApp */ = {
			isa = PBXNativeTarget;
			buildConfigurationList = 8CF7EFCE2DA72AE500F8A33A /* Build configuration list for PBXNativeTarget "RickyAndMortyApp" */;
			buildPhases = (
				8CF7EFBF2DA72AE100F8A33A /* Sources */,
				8CF7EFC02DA72AE100F8A33A /* Frameworks */,
				8CF7EFC12DA72AE100F8A33A /* Resources */,
			);
			buildRules = (
			);
			dependencies = (
			);
			name = RickyAndMortyApp;
			packageProductDependencies = (
			);
			productName = RickyAndMortyApp;
			productReference = 8CF7EFC32DA72AE100F8A33A /* RickyAndMortyApp.app */;
			productType = "com.apple.product-type.application";
		};
/* End PBXNativeTarget section */

/* Begin PBXProject section */
		8CF7EFBB2DA72AE100F8A33A /* Project object */ = {
			isa = PBXProject;
			attributes = {
				BuildIndependentTargetsInParallel = 1;
				LastSwiftUpdateCheck = 1630;
				LastUpgradeCheck = 1630;
				TargetAttributes = {
					8CF7EFC22DA72AE100F8A33A = {
						CreatedOnToolsVersion = 16.3;
					};
				};
			};
			buildConfigurationList = 8CF7EFBE2DA72AE100F8A33A /* Build configuration list for PBXProject "RickyAndMortyApp" */;
			developmentRegion = en;
			hasScannedForEncodings = 0;
			knownRegions = (
				en,
				Base,
			);
			mainGroup = 8CF7EFBA2DA72AE100F8A33A;
			minimizedProjectReferenceProxies = 1;
			preferredProjectObjectVersion = 77;
			productRefGroup = 8CF7EFC42DA72AE100F8A33A /* Products */;
			projectDirPath = "";
			projectRoot = "";
			targets = (
				8CF7EFC22DA72AE100F8A33A /* RickyAndMortyApp */,
			);
		};
/* End PBXProject section */

/* Begin PBXResourcesBuildPhase section */
		8CF7EFC12DA72AE100F8A33A /* Resources */ = {
			isa = PBXResourcesBuildPhase;
			buildActionMask = 2147483647;
			files = (
				8C3E0C4A2DA7591000907A11 /* Localizable.xcstrings in Resources */,
				8C3E0C272DA7534200907A11 /* Assets.xcassets in Resources */,
			);
			runOnlyForDeploymentPostprocessing = 0;
		};
/* End PBXResourcesBuildPhase section */

/* Begin PBXSourcesBuildPhase section */
		8CF7EFBF2DA72AE100F8A33A /* Sources */ = {
			isa = PBXSourcesBuildPhase;
			buildActionMask = 2147483647;
			files = (
				8C3E0C472DA7582000907A11 /* NetworkLayerLive.swift in Sources */,
				8C3E0C452DA7580400907A11 /* NetworkLayer.swift in Sources */,
				8C3E0C6C2DA7688E00907A11 /* CachedImageView.swift in Sources */,
				8C3E0C702DA7756400907A11 /* CharacterDetailView.swift in Sources */,
				8C3E0C6D2DA7688E00907A11 /* ImageCache.swift in Sources */,
				8C3E0C6E2DA7688E00907A11 /* ImageLoadingState.swift in Sources */,
				8C3E0C222DA7534200907A11 /* CharacterListView.swift in Sources */,
				8C3E0C4E2DA75D9600907A11 /* APIEndpoint.swift in Sources */,
				8C3E0C232DA7534200907A11 /* CharacterListViewModel.swift in Sources */,
				8C3E0C672DA764A500907A11 /* CharacterListRow.swift in Sources */,
				8C3E0C242DA7534200907A11 /* CharacterListViewState.swift in Sources */,
				8C3E0C252DA7534200907A11 /* RickyAndMortyAppApp.swift in Sources */,
				8C3E0C262DA7534200907A11 /* RickyAndMortyResponse.swift in Sources */,
			);
			runOnlyForDeploymentPostprocessing = 0;
		};
/* End PBXSourcesBuildPhase section */

/* Begin XCBuildConfiguration section */
		8CF7EFCC2DA72AE500F8A33A /* Debug */ = {
			isa = XCBuildConfiguration;
			buildSettings = {
				ALWAYS_SEARCH_USER_PATHS = NO;
				ASSETCATALOG_COMPILER_GENERATE_SWIFT_ASSET_SYMBOL_EXTENSIONS = YES;
				CLANG_ANALYZER_NONNULL = YES;
				CLANG_ANALYZER_NUMBER_OBJECT_CONVERSION = YES_AGGRESSIVE;
				CLANG_CXX_LANGUAGE_STANDARD = "gnu++20";
				CLANG_ENABLE_MODULES = YES;
				CLANG_ENABLE_OBJC_ARC = YES;
				CLANG_ENABLE_OBJC_WEAK = YES;
				CLANG_WARN_BLOCK_CAPTURE_AUTORELEASING = YES;
				CLANG_WARN_BOOL_CONVERSION = YES;
				CLANG_WARN_COMMA = YES;
				CLANG_WARN_CONSTANT_CONVERSION = YES;
				CLANG_WARN_DEPRECATED_OBJC_IMPLEMENTATIONS = YES;
				CLANG_WARN_DIRECT_OBJC_ISA_USAGE = YES_ERROR;
				CLANG_WARN_DOCUMENTATION_COMMENTS = YES;
				CLANG_WARN_EMPTY_BODY = YES;
				CLANG_WARN_ENUM_CONVERSION = YES;
				CLANG_WARN_INFINITE_RECURSION = YES;
				CLANG_WARN_INT_CONVERSION = YES;
				CLANG_WARN_NON_LITERAL_NULL_CONVERSION = YES;
				CLANG_WARN_OBJC_IMPLICIT_RETAIN_SELF = YES;
				CLANG_WARN_OBJC_LITERAL_CONVERSION = YES;
				CLANG_WARN_OBJC_ROOT_CLASS = YES_ERROR;
				CLANG_WARN_QUOTED_INCLUDE_IN_FRAMEWORK_HEADER = YES;
				CLANG_WARN_RANGE_LOOP_ANALYSIS = YES;
				CLANG_WARN_STRICT_PROTOTYPES = YES;
				CLANG_WARN_SUSPICIOUS_MOVE = YES;
				CLANG_WARN_UNGUARDED_AVAILABILITY = YES_AGGRESSIVE;
				CLANG_WARN_UNREACHABLE_CODE = YES;
				CLANG_WARN__DUPLICATE_METHOD_MATCH = YES;
				COPY_PHASE_STRIP = NO;
				DEBUG_INFORMATION_FORMAT = dwarf;
				DEVELOPMENT_TEAM = 2W2GK9ZGZC;
				ENABLE_STRICT_OBJC_MSGSEND = YES;
				ENABLE_TESTABILITY = YES;
				ENABLE_USER_SCRIPT_SANDBOXING = YES;
				GCC_C_LANGUAGE_STANDARD = gnu17;
				GCC_DYNAMIC_NO_PIC = NO;
				GCC_NO_COMMON_BLOCKS = YES;
				GCC_OPTIMIZATION_LEVEL = 0;
				GCC_PREPROCESSOR_DEFINITIONS = (
					"DEBUG=1",
					"$(inherited)",
				);
				GCC_WARN_64_TO_32_BIT_CONVERSION = YES;
				GCC_WARN_ABOUT_RETURN_TYPE = YES_ERROR;
				GCC_WARN_UNDECLARED_SELECTOR = YES;
				GCC_WARN_UNINITIALIZED_AUTOS = YES_AGGRESSIVE;
				GCC_WARN_UNUSED_FUNCTION = YES;
				GCC_WARN_UNUSED_VARIABLE = YES;
				IPHONEOS_DEPLOYMENT_TARGET = 18.4;
				LOCALIZATION_PREFERS_STRING_CATALOGS = YES;
				MTL_ENABLE_DEBUG_INFO = INCLUDE_SOURCE;
				MTL_FAST_MATH = YES;
				ONLY_ACTIVE_ARCH = YES;
				SDKROOT = iphoneos;
				SWIFT_ACTIVE_COMPILATION_CONDITIONS = "DEBUG $(inherited)";
				SWIFT_EMIT_LOC_STRINGS = YES;
				SWIFT_OPTIMIZATION_LEVEL = "-Onone";
			};
			name = Debug;
		};
		8CF7EFCD2DA72AE500F8A33A /* Release */ = {
			isa = XCBuildConfiguration;
			buildSettings = {
				ALWAYS_SEARCH_USER_PATHS = NO;
				ASSETCATALOG_COMPILER_GENERATE_SWIFT_ASSET_SYMBOL_EXTENSIONS = YES;
				CLANG_ANALYZER_NONNULL = YES;
				CLANG_ANALYZER_NUMBER_OBJECT_CONVERSION = YES_AGGRESSIVE;
				CLANG_CXX_LANGUAGE_STANDARD = "gnu++20";
				CLANG_ENABLE_MODULES = YES;
				CLANG_ENABLE_OBJC_ARC = YES;
				CLANG_ENABLE_OBJC_WEAK = YES;
				CLANG_WARN_BLOCK_CAPTURE_AUTORELEASING = YES;
				CLANG_WARN_BOOL_CONVERSION = YES;
				CLANG_WARN_COMMA = YES;
				CLANG_WARN_CONSTANT_CONVERSION = YES;
				CLANG_WARN_DEPRECATED_OBJC_IMPLEMENTATIONS = YES;
				CLANG_WARN_DIRECT_OBJC_ISA_USAGE = YES_ERROR;
				CLANG_WARN_DOCUMENTATION_COMMENTS = YES;
				CLANG_WARN_EMPTY_BODY = YES;
				CLANG_WARN_ENUM_CONVERSION = YES;
				CLANG_WARN_INFINITE_RECURSION = YES;
				CLANG_WARN_INT_CONVERSION = YES;
				CLANG_WARN_NON_LITERAL_NULL_CONVERSION = YES;
				CLANG_WARN_OBJC_IMPLICIT_RETAIN_SELF = YES;
				CLANG_WARN_OBJC_LITERAL_CONVERSION = YES;
				CLANG_WARN_OBJC_ROOT_CLASS = YES_ERROR;
				CLANG_WARN_QUOTED_INCLUDE_IN_FRAMEWORK_HEADER = YES;
				CLANG_WARN_RANGE_LOOP_ANALYSIS = YES;
				CLANG_WARN_STRICT_PROTOTYPES = YES;
				CLANG_WARN_SUSPICIOUS_MOVE = YES;
				CLANG_WARN_UNGUARDED_AVAILABILITY = YES_AGGRESSIVE;
				CLANG_WARN_UNREACHABLE_CODE = YES;
				CLANG_WARN__DUPLICATE_METHOD_MATCH = YES;
				COPY_PHASE_STRIP = NO;
				DEBUG_INFORMATION_FORMAT = "dwarf-with-dsym";
				DEVELOPMENT_TEAM = 2W2GK9ZGZC;
				ENABLE_NS_ASSERTIONS = NO;
				ENABLE_STRICT_OBJC_MSGSEND = YES;
				ENABLE_USER_SCRIPT_SANDBOXING = YES;
				GCC_C_LANGUAGE_STANDARD = gnu17;
				GCC_NO_COMMON_BLOCKS = YES;
				GCC_WARN_64_TO_32_BIT_CONVERSION = YES;
				GCC_WARN_ABOUT_RETURN_TYPE = YES_ERROR;
				GCC_WARN_UNDECLARED_SELECTOR = YES;
				GCC_WARN_UNINITIALIZED_AUTOS = YES_AGGRESSIVE;
				GCC_WARN_UNUSED_FUNCTION = YES;
				GCC_WARN_UNUSED_VARIABLE = YES;
				IPHONEOS_DEPLOYMENT_TARGET = 18.4;
				LOCALIZATION_PREFERS_STRING_CATALOGS = YES;
				MTL_ENABLE_DEBUG_INFO = NO;
				MTL_FAST_MATH = YES;
				SDKROOT = iphoneos;
				SWIFT_COMPILATION_MODE = wholemodule;
				SWIFT_EMIT_LOC_STRINGS = YES;
				VALIDATE_PRODUCT = YES;
			};
			name = Release;
		};
		8CF7EFCF2DA72AE500F8A33A /* Debug */ = {
			isa = XCBuildConfiguration;
			buildSettings = {
				ASSETCATALOG_COMPILER_APPICON_NAME = AppIcon;
				ASSETCATALOG_COMPILER_GLOBAL_ACCENT_COLOR_NAME = AccentColor;
				CODE_SIGN_STYLE = Automatic;
				CURRENT_PROJECT_VERSION = 1;
				DEVELOPMENT_TEAM = 2W2GK9ZGZC;
				ENABLE_PREVIEWS = YES;
				GENERATE_INFOPLIST_FILE = YES;
				INFOPLIST_KEY_UIApplicationSceneManifest_Generation = YES;
				INFOPLIST_KEY_UIApplicationSupportsIndirectInputEvents = YES;
				INFOPLIST_KEY_UILaunchScreen_Generation = YES;
				INFOPLIST_KEY_UISupportedInterfaceOrientations_iPad = "UIInterfaceOrientationPortrait UIInterfaceOrientationPortraitUpsideDown UIInterfaceOrientationLandscapeLeft UIInterfaceOrientationLandscapeRight";
				INFOPLIST_KEY_UISupportedInterfaceOrientations_iPhone = "UIInterfaceOrientationPortrait UIInterfaceOrientationLandscapeLeft UIInterfaceOrientationLandscapeRight";
				IPHONEOS_DEPLOYMENT_TARGET = 17;
				LD_RUNPATH_SEARCH_PATHS = (
					"$(inherited)",
					"@executable_path/Frameworks",
				);
				MARKETING_VERSION = 1.0;
				PRODUCT_BUNDLE_IDENTIFIER = com.OleavittApps.RickyAndMortyApp;
				PRODUCT_NAME = "$(TARGET_NAME)";
				SWIFT_EMIT_LOC_STRINGS = YES;
				SWIFT_VERSION = 5.0;
				TARGETED_DEVICE_FAMILY = "1,2";
			};
			name = Debug;
		};
		8CF7EFD02DA72AE500F8A33A /* Release */ = {
			isa = XCBuildConfiguration;
			buildSettings = {
				ASSETCATALOG_COMPILER_APPICON_NAME = AppIcon;
				ASSETCATALOG_COMPILER_GLOBAL_ACCENT_COLOR_NAME = AccentColor;
				CODE_SIGN_STYLE = Automatic;
				CURRENT_PROJECT_VERSION = 1;
				DEVELOPMENT_TEAM = 2W2GK9ZGZC;
				ENABLE_PREVIEWS = YES;
				GENERATE_INFOPLIST_FILE = YES;
				INFOPLIST_KEY_UIApplicationSceneManifest_Generation = YES;
				INFOPLIST_KEY_UIApplicationSupportsIndirectInputEvents = YES;
				INFOPLIST_KEY_UILaunchScreen_Generation = YES;
				INFOPLIST_KEY_UISupportedInterfaceOrientations_iPad = "UIInterfaceOrientationPortrait UIInterfaceOrientationPortraitUpsideDown UIInterfaceOrientationLandscapeLeft UIInterfaceOrientationLandscapeRight";
				INFOPLIST_KEY_UISupportedInterfaceOrientations_iPhone = "UIInterfaceOrientationPortrait UIInterfaceOrientationLandscapeLeft UIInterfaceOrientationLandscapeRight";
				IPHONEOS_DEPLOYMENT_TARGET = 17;
				LD_RUNPATH_SEARCH_PATHS = (
					"$(inherited)",
					"@executable_path/Frameworks",
				);
				MARKETING_VERSION = 1.0;
				PRODUCT_BUNDLE_IDENTIFIER = com.OleavittApps.RickyAndMortyApp;
				PRODUCT_NAME = "$(TARGET_NAME)";
				SWIFT_EMIT_LOC_STRINGS = YES;
				SWIFT_VERSION = 5.0;
				TARGETED_DEVICE_FAMILY = "1,2";
			};
			name = Release;
		};
/* End XCBuildConfiguration section */

/* Begin XCConfigurationList section */
		8CF7EFBE2DA72AE100F8A33A /* Build configuration list for PBXProject "RickyAndMortyApp" */ = {
			isa = XCConfigurationList;
			buildConfigurations = (
				8CF7EFCC2DA72AE500F8A33A /* Debug */,
				8CF7EFCD2DA72AE500F8A33A /* Release */,
			);
			defaultConfigurationIsVisible = 0;
			defaultConfigurationName = Release;
		};
		8CF7EFCE2DA72AE500F8A33A /* Build configuration list for PBXNativeTarget "RickyAndMortyApp" */ = {
			isa = XCConfigurationList;
			buildConfigurations = (
				8CF7EFCF2DA72AE500F8A33A /* Debug */,
				8CF7EFD02DA72AE500F8A33A /* Release */,
			);
			defaultConfigurationIsVisible = 0;
			defaultConfigurationName = Release;
		};
/* End XCConfigurationList section */
	};
	rootObject = 8CF7EFBB2DA72AE100F8A33A /* Project object */;
}
